
Microsoft Visual Studio Solution File, Format Version 12.00
# Visual Studio 2015
Project("{FAE04EC0-301F-11D3-BF4B-00C04F79EFBC}") = "Lab4.CSharp", "Lab4.CSharp.csproj", "{003FA6F2-CAF0-0AB0-19AB-525F0B3DAA1B}"
EndProject
Global
	GlobalSection(SolutionConfigurationPlatforms) = preSolution
		Debug|Any CPU = Debug|Any CPU
		Release|Any CPU = Release|Any CPU
	EndGlobalSection
	GlobalSection(ProjectConfigurationPlatforms) = postSolution
		{003FA6F2-CAF0-0AB0-19AB-525F0B3DAA1B}.Debug|Any CPU.ActiveCfg = Debug|Any CPU
		{003FA6F2-CAF0-0AB0-19AB-525F0B3DAA1B}.Debug|Any CPU.Build.0 = Debug|Any CPU
		{003FA6F2-CAF0-0AB0-19AB-525F0B3DAA1B}.Release|Any CPU.ActiveCfg = Release|Any CPU
		{003FA6F2-CAF0-0AB0-19AB-525F0B3DAA1B}.Release|Any CPU.Build.0 = Release|Any CPU
	EndGlobalSection
	GlobalSection(SolutionProperties) = preSolution
		HideSolutionNode = FALSE
	EndGlobalSection
EndGlobal
